
Microsoft Visual Studio Solution File, Format Version 12.00
# Visual Studio Version 17
VisualStudioVersion = 17.9.34701.34
MinimumVisualStudioVersion = 10.0.40219.1
Project("{FAE04EC0-301F-11D3-BF4B-00C04F79EFBC}") = "03.04.2024", "03.04.2024\03.04.2024.csproj", "{62E40446-7C11-448A-85C8-BA3F4122DD16}"
EndProject
Global
	GlobalSection(SolutionConfigurationPlatforms) = preSolution
		Debug|Any CPU = Debug|Any CPU
		Release|Any CPU = Release|Any CPU
	EndGlobalSection
	GlobalSection(ProjectConfigurationPlatforms) = postSolution
		{62E40446-7C11-448A-85C8-BA3F4122DD16}.Debug|Any CPU.ActiveCfg = Debug|Any CPU
		{62E40446-7C11-448A-85C8-BA3F4122DD16}.Debug|Any CPU.Build.0 = Debug|Any CPU
		{62E40446-7C11-448A-85C8-BA3F4122DD16}.Release|Any CPU.ActiveCfg = Release|Any CPU
		{62E40446-7C11-448A-85C8-BA3F4122DD16}.Release|Any CPU.Build.0 = Release|Any CPU
	EndGlobalSection
	GlobalSection(SolutionProperties) = preSolution
		HideSolutionNode = FALSE
	EndGlobalSection
	GlobalSection(ExtensibilityGlobals) = postSolution
		SolutionGuid = {E8D5BD37-9CAA-4AB8-866F-2612BFB99FCD}
	EndGlobalSection
EndGlobal
